
Microsoft Visual Studio Solution File, Format Version 12.00
# Visual Studio Version 16
VisualStudioVersion = 16.0.31229.75
MinimumVisualStudioVersion = 10.0.40219.1
Project("{FAE04EC0-301F-11D3-BF4B-00C04F79EFBC}") = "WindowsFormsApp1", "WindowsFormsApp1.csproj", "{3919CECA-CE3A-46B0-9084-F8EE3BDBE97A}"
EndProject
Global
	GlobalSection(SolutionConfigurationPlatforms) = preSolution
		Debug|Any CPU = Debug|Any CPU
		Release|Any CPU = Release|Any CPU
	EndGlobalSection
	GlobalSection(ProjectConfigurationPlatforms) = postSolution
		{3919CECA-CE3A-46B0-9084-F8EE3BDBE97A}.Debug|Any CPU.ActiveCfg = Debug|Any CPU
		{3919CECA-CE3A-46B0-9084-F8EE3BDBE97A}.Debug|Any CPU.Build.0 = Debug|Any CPU
		{3919CECA-CE3A-46B0-9084-F8EE3BDBE97A}.Release|Any CPU.ActiveCfg = Release|Any CPU
		{3919CECA-CE3A-46B0-9084-F8EE3BDBE97A}.Release|Any CPU.Build.0 = Release|Any CPU
	EndGlobalSection
	GlobalSection(SolutionProperties) = preSolution
		HideSolutionNode = FALSE
	EndGlobalSection
	GlobalSection(ExtensibilityGlobals) = postSolution
		SolutionGuid = {5DEF15C1-E39F-462E-9396-826AD48D25BF}
	EndGlobalSection
EndGlobal
